# This file is autogenerated, do not edit; changes may be undone by the next 'dep ensure'.


[[projects]]
  branch = "master"
  digest = "1:582d5bc387c134c6e360604542ac443bf099c87434750077090ab675a20df2da"
  name = "github.com/abadojack/whatlanggo"
  packages = ["."]
  pruneopts = "UT"
  revision = "01d4c01a5a7c58f22e17df47209425451fb14087"

[[projects]]
  digest = "1:f808dbf83db0d720b85d9f315d637ba6743937068afafaec53bf22f9d2338709"
  name = "github.com/bbalet/stopwords"
  packages = ["."]
  pruneopts = "UT"
  revision = "a6a172105d2ac809a045fbc02db38460d4506216"
  version = "v1.0.0"

[[projects]]
  digest = "1:e47d51dab652d26c3fba6f8cba403f922d02757a82abdc77e90df7948daf296e"
  name = "github.com/deckarep/golang-set"
  packages = ["."]
  pruneopts = "UT"
  revision = "cbaa98ba5575e67703b32b4b19f73c91f3c4159e"
  version = "v1.7.1"

[[projects]]
  digest = "1:1fc201f179a7d45f944655de3cdbfb0a8a226fd525569454e31ca87f9e4bb677"
  name = "github.com/microcosm-cc/bluemonday"
  packages = ["."]
  pruneopts = "UT"
  revision = "82c7118e8ccf7403d4860175d97bb635e8e28239"
  version = "v1.0.1"

[[projects]]
  digest = "1:b3126a5e167f640c5943eb641489baec30bbbb995a9741b905d7c05239412d4b"
  name = "github.com/mingrammer/commonregex"
  packages = ["."]
  pruneopts = "UT"
  revision = "6565f25cf48f171541d423805a62917ea02f7d65"
  version = "v1.0.0"

[[projects]]
  digest = "1:246ab598a22ea9d50f46e65f655f78161a19822f6597268b02f04af998684807"
  name = "github.com/montanaflynn/stats"
  packages = ["."]
  pruneopts = "UT"
  revision = "1bf9dbcd8cbe1fdb75add3785b1d4a9a646269ab"
  version = "0.3.0"

[[projects]]
  digest = "1:b8a91524c7e262bcf2fde6e6bdcebfcaa6450ad073af6df6301fd5f6c32a838b"
  name = "github.com/moovweb/rubex"
  packages = ["."]
  pruneopts = "UT"
  revision = "cb849acea6148000db8a55743f71476b0897ea41"
  version = "6.3.107"

[[projects]]
  branch = "master"
  digest = "1:2699f40ea73866f38eccb385738750a71a05cec654f029e78f620caccefd85e4"
  name = "github.com/toqueteos/trie"
  packages = ["."]
  pruneopts = "UT"
  revision = "56fed4a05683322f125e2d78ee269bb102280392"

[[projects]]
  digest = "1:c7616fa220b89ee600135d23117f57ab4284b1a3e917effd3de31498d98822a5"
  name = "github.com/unidoc/unidoc"
  packages = [
    "common",
    "common/license",
    "pdf/contentstream",
    "pdf/core",
    "pdf/model",
    "pdf/model/fonts",
    "pdf/model/sampling",
    "pdf/model/textencoding",
    "pdf/ps",
  ]
  pruneopts = "UT"
  revision = "b1c6401dfd552f38694c74b7bbe543e148a72d0e"
  version = "v2.1.1"

[[projects]]
  branch = "master"
  digest = "1:de6078be7bbedf02bf7235cda239bba1fdce01b5605ddeb3bb4ec39bed6f1859"
  name = "golang.org/x/image"
  packages = ["tiff/lzw"]
  pruneopts = "UT"
  revision = "249dc8530c0efc2766606a940c1c50b434b2f1cd"

[[projects]]
  branch = "master"
  digest = "1:1a1ecfa7b54ca3f7a0115ab5c578d7d6a5d8b605839c549e80260468c42f8be7"
  name = "golang.org/x/net"
  packages = [
    "html",
    "html/atom",
  ]
  pruneopts = "UT"
  revision = "03003ca0c849e57b6ea29a4bab8d3cb6e4d568fe"

[[projects]]
  digest = "1:d61c5b9a61a1ff3727ed58cdb9361fa6b719eb08688bc6464b4236b301ab694f"
  name = "golang.org/x/text"
  packages = [
    "internal/gen",
    "internal/tag",
    "internal/triegen",
    "internal/ucd",
    "language",
    "transform",
    "unicode/cldr",
    "unicode/norm",
  ]
  pruneopts = "UT"
  revision = "f21a4dfb5e38f5895301dc265a8def02365cc3d0"
  version = "v0.3.0"

[[projects]]
  branch = "master"
  digest = "1:e80a6fd3fdf0b0d2b31f98ca48d276b4ad9c90204cdfbe18986b52cf934ec1bf"
  name = "gonum.org/v1/gonum"
  packages = [
    "blas",
    "blas/blas64",
    "blas/gonum",
    "floats",
    "internal/asm/c128",
    "internal/asm/f32",
    "internal/asm/f64",
    "internal/math32",
    "lapack",
    "lapack/gonum",
    "lapack/lapack64",
    "mat",
  ]
  pruneopts = "UT"
  revision = "48288cca5b5efb2c3c3b0d8b48a6b01b37831bf8"

[[projects]]
  branch = "v2"
  digest = "1:ff398a1169e0ad11c0537c341fcbc9b4be7e34143886b34352ff1005d45b3ab4"
  name = "gopkg.in/jdkato/prose.v2"
  packages = ["."]
  pruneopts = "UT"
  revision = "767a23049b9e59ef675496a9406a1e456bc5ad6e"

[[projects]]
  digest = "1:85b60f4403e2aae0eee2ac2ba50e4124dea766b582c6ec0d94fb1335d9c0d16e"
  name = "gopkg.in/neurosnap/sentences.v1"
  packages = [
    ".",
    "data",
  ]
  pruneopts = "UT"
  revision = "a7f18ead1433a139742a8b42ce7a059cfb484d60"
  version = "v1.0.6"

[[projects]]
  digest = "1:bdce03a1ad3dbb484e748b871f7069cefe3a8e111296e494a58bc7145cfa112e"
  name = "gopkg.in/src-d/enry.v1"
  packages = [
    ".",
    "data",
    "internal/tokenizer",
    "regex",
  ]
  pruneopts = "UT"
  revision = "8953e0e19a9a08c69113f672fbd89f6082b379d5"
  version = "v1.6.7"

[[projects]]
  digest = "1:98e121dbd49eb03c58bd8ef3b76322b2fdc3676cf11fa0084bb17ff01b2aa704"
  name = "gopkg.in/toqueteos/substring.v1"
  packages = ["."]
  pruneopts = "UT"
  revision = "c5f61671513240ddf5563635cc4a90e9f3ae4710"
  version = "v1.0.2"

[solve-meta]
  analyzer-name = "dep"
  analyzer-version = 1
  input-imports = [
    "github.com/abadojack/whatlanggo",
    "github.com/bbalet/stopwords",
    "github.com/microcosm-cc/bluemonday",
    "github.com/unidoc/unidoc/pdf/contentstream",
    "github.com/unidoc/unidoc/pdf/model",
    "gopkg.in/jdkato/prose.v2",
    "gopkg.in/src-d/enry.v1",
  ]
  solver-name = "gps-cdcl"
  solver-version = 1
